Microsoft Visual Studio Solution File, Format Version 11.00
# Visual Studio 2008

Project("{AE786F9F-8A91-5918-B190-F285E0BAC26F}") = "HighlyResponsive-Forever", "Assembly-CSharp.csproj", "{793E551A-FF88-546F-298D-03AE995EEE2C}"
EndProject
Global
	GlobalSection(SolutionConfigurationPlatforms) = preSolution
		Debug|Any CPU = Debug|Any CPU
		Release|Any CPU = Release|Any CPU
	EndGlobalSection
	GlobalSection(ProjectConfigurationPlatforms) = postSolution
		{793E551A-FF88-546F-298D-03AE995EEE2C}.Debug|Any CPU.ActiveCfg = Debug|Any CPU
		{793E551A-FF88-546F-298D-03AE995EEE2C}.Debug|Any CPU.Build.0 = Debug|Any CPU
		{793E551A-FF88-546F-298D-03AE995EEE2C}.Release|Any CPU.ActiveCfg = Release|Any CPU
		{793E551A-FF88-546F-298D-03AE995EEE2C}.Release|Any CPU.Build.0 = Release|Any CPU
	EndGlobalSection
	GlobalSection(SolutionProperties) = preSolution
		HideSolutionNode = FALSE
	EndGlobalSection
	GlobalSection(MonoDevelopProperties) = preSolution
		StartupItem = Assembly-CSharp.csproj
	EndGlobalSection
EndGlobal
